
Microsoft Visual Studio Solution File, Format Version 12.00
# Visual Studio Version 16
VisualStudioVersion = 16.0.31112.23
MinimumVisualStudioVersion = 10.0.40219.1
Project("{FAE04EC0-301F-11D3-BF4B-00C04F79EFBC}") = "Comandos", "Comandos\Comandos.csproj", "{FB61CB67-65D4-4AA6-A201-1C70AF376025}"
EndProject
Global
	GlobalSection(SolutionConfigurationPlatforms) = preSolution
		Debug|Any CPU = Debug|Any CPU
		Release|Any CPU = Release|Any CPU
	EndGlobalSection
	GlobalSection(ProjectConfigurationPlatforms) = postSolution
		{FB61CB67-65D4-4AA6-A201-1C70AF376025}.Debug|Any CPU.ActiveCfg = Debug|Any CPU
		{FB61CB67-65D4-4AA6-A201-1C70AF376025}.Debug|Any CPU.Build.0 = Debug|Any CPU
		{FB61CB67-65D4-4AA6-A201-1C70AF376025}.Release|Any CPU.ActiveCfg = Release|Any CPU
		{FB61CB67-65D4-4AA6-A201-1C70AF376025}.Release|Any CPU.Build.0 = Release|Any CPU
	EndGlobalSection
	GlobalSection(SolutionProperties) = preSolution
		HideSolutionNode = FALSE
	EndGlobalSection
	GlobalSection(ExtensibilityGlobals) = postSolution
		SolutionGuid = {06A10782-E84B-4567-8E55-5BE9A3DFCA97}
	EndGlobalSection
EndGlobal
